// !$*UTF8*$!
{
	archiveVersion = 1;
	classes = {
	};
	objectVersion = 55;
	objects = {

/* Begin PBXBuildFile section */
		1C02486EAC3922D87029E519 /* Pods_OliNeedJun.framework in Frameworks */ = {isa = PBXBuildFile; fileRef = C22FF0B81B860AB1C762C525 /* Pods_OliNeedJun.framework */; };
		720064222778593300F27698 /* SplashViewModel.swift in Sources */ = {isa = PBXBuildFile; fileRef = 720064212778593300F27698 /* SplashViewModel.swift */; };
		72006425277859A900F27698 /* ViewModelProtocol.swift in Sources */ = {isa = PBXBuildFile; fileRef = 72006424277859A900F27698 /* ViewModelProtocol.swift */; };
		72006427277859F000F27698 /* CommonEnum.swift in Sources */ = {isa = PBXBuildFile; fileRef = 72006426277859F000F27698 /* CommonEnum.swift */; };
		7200642927785A7700F27698 /* OilMapViewController.swift in Sources */ = {isa = PBXBuildFile; fileRef = 7200642827785A7700F27698 /* OilMapViewController.swift */; };
		7200642B27785E2B00F27698 /* OilMapView.swift in Sources */ = {isa = PBXBuildFile; fileRef = 7200642A27785E2B00F27698 /* OilMapView.swift */; };
		7200642D27785E4C00F27698 /* OilMapViewModel.swift in Sources */ = {isa = PBXBuildFile; fileRef = 7200642C27785E4C00F27698 /* OilMapViewModel.swift */; };
		720247E427784F8400AA1B61 /* SplashView.swift in Sources */ = {isa = PBXBuildFile; fileRef = 720247E327784F8400AA1B61 /* SplashView.swift */; };
		72361B392778977F002A0D5E /* CustomOverlayDataSource.swift in Sources */ = {isa = PBXBuildFile; fileRef = 72361B382778977F002A0D5E /* CustomOverlayDataSource.swift */; };
		7239E0552778785700D463C1 /* PermisisionCheck.swift in Sources */ = {isa = PBXBuildFile; fileRef = 7239E0542778785700D463C1 /* PermisisionCheck.swift */; };
		7239E05727787DE300D463C1 /* SeoulLocation.gpx in Resources */ = {isa = PBXBuildFile; fileRef = 7239E05627787DE300D463C1 /* SeoulLocation.gpx */; };
		726BF7DB27895EE90015983F /* LoginView.swift in Sources */ = {isa = PBXBuildFile; fileRef = 726BF7DA27895EE90015983F /* LoginView.swift */; };
		726BF7DD278963330015983F /* LoginViewController.swift in Sources */ = {isa = PBXBuildFile; fileRef = 726BF7DC278963330015983F /* LoginViewController.swift */; };
		726BF7DF278965130015983F /* LoginViewModel.swift in Sources */ = {isa = PBXBuildFile; fileRef = 726BF7DE278965130015983F /* LoginViewModel.swift */; };
		726BF7E227899AAA0015983F /* OilSliderView.swift in Sources */ = {isa = PBXBuildFile; fileRef = 726BF7E127899AAA0015983F /* OilSliderView.swift */; };
		728C6348277998E6003DDC4C /*  GasStationInfo.swift in Sources */ = {isa = PBXBuildFile; fileRef = 728C6347277998E6003DDC4C /*  GasStationInfo.swift */; };
		728C634B27799F0D003DDC4C /* ReadGasStation.swift in Sources */ = {isa = PBXBuildFile; fileRef = 728C634A27799F0D003DDC4C /* ReadGasStation.swift */; };
		72A74E9B2784808300E388BD /* InfoCollectionDelegate.swift in Sources */ = {isa = PBXBuildFile; fileRef = 72A74E9A2784808300E388BD /* InfoCollectionDelegate.swift */; };
		72A74E9D2784814800E388BD /* InfoViewCell.swift in Sources */ = {isa = PBXBuildFile; fileRef = 72A74E9C2784814800E388BD /* InfoViewCell.swift */; };
		72AB0AC527784A36004F1EB1 /* AppDelegate.swift in Sources */ = {isa = PBXBuildFile; fileRef = 72AB0AC427784A36004F1EB1 /* AppDelegate.swift */; };
		72AB0AC927784A36004F1EB1 /* SplashViewController.swift in Sources */ = {isa = PBXBuildFile; fileRef = 72AB0AC827784A36004F1EB1 /* SplashViewController.swift */; };
		72AB0ACE27784A37004F1EB1 /* Assets.xcassets in Resources */ = {isa = PBXBuildFile; fileRef = 72AB0ACD27784A37004F1EB1 /* Assets.xcassets */; };
		72AB0AD127784A37004F1EB1 /* LaunchScreen.storyboard in Resources */ = {isa = PBXBuildFile; fileRef = 72AB0ACF27784A37004F1EB1 /* LaunchScreen.storyboard */; };
		72AB0ADC27784DE5004F1EB1 /* BaseClasses.swift in Sources */ = {isa = PBXBuildFile; fileRef = 72AB0ADB27784DE5004F1EB1 /* BaseClasses.swift */; };
		72E6F0EF2780568500C71B41 /* GasStationMarker.swift in Sources */ = {isa = PBXBuildFile; fileRef = 72E6F0EE2780568500C71B41 /* GasStationMarker.swift */; };
		72ED3774277B26650021B68B /* NaverMapDelegate.swift in Sources */ = {isa = PBXBuildFile; fileRef = 72ED3773277B26650021B68B /* NaverMapDelegate.swift */; };
/* End PBXBuildFile section */

/* Begin PBXFileReference section */
		1145543EEECACF4FCF8F80C8 /* Pods-OliNeedJun.debug.xcconfig */ = {isa = PBXFileReference; includeInIndex = 1; lastKnownFileType = text.xcconfig; name = "Pods-OliNeedJun.debug.xcconfig"; path = "Target Support Files/Pods-OliNeedJun/Pods-OliNeedJun.debug.xcconfig"; sourceTree = "<group>"; };
		720064212778593300F27698 /* SplashViewModel.swift */ = {isa = PBXFileReference; lastKnownFileType = sourcecode.swift; path = SplashViewModel.swift; sourceTree = "<group>"; };
		72006424277859A900F27698 /* ViewModelProtocol.swift */ = {isa = PBXFileReference; lastKnownFileType = sourcecode.swift; path = ViewModelProtocol.swift; sourceTree = "<group>"; };
		72006426277859F000F27698 /* CommonEnum.swift */ = {isa = PBXFileReference; lastKnownFileType = sourcecode.swift; path = CommonEnum.swift; sourceTree = "<group>"; };
		7200642827785A7700F27698 /* OilMapViewController.swift */ = {isa = PBXFileReference; lastKnownFileType = sourcecode.swift; path = OilMapViewController.swift; sourceTree = "<group>"; };
		7200642A27785E2B00F27698 /* OilMapView.swift */ = {isa = PBXFileReference; lastKnownFileType = sourcecode.swift; path = OilMapView.swift; sourceTree = "<group>"; };
		7200642C27785E4C00F27698 /* OilMapViewModel.swift */ = {isa = PBXFileReference; lastKnownFileType = sourcecode.swift; path = OilMapViewModel.swift; sourceTree = "<group>"; };
		720247E327784F8400AA1B61 /* SplashView.swift */ = {isa = PBXFileReference; lastKnownFileType = sourcecode.swift; path = SplashView.swift; sourceTree = "<group>"; };
		72361B382778977F002A0D5E /* CustomOverlayDataSource.swift */ = {isa = PBXFileReference; lastKnownFileType = sourcecode.swift; path = CustomOverlayDataSource.swift; sourceTree = "<group>"; };
		7239E0542778785700D463C1 /* PermisisionCheck.swift */ = {isa = PBXFileReference; lastKnownFileType = sourcecode.swift; path = PermisisionCheck.swift; sourceTree = "<group>"; };
		7239E05627787DE300D463C1 /* SeoulLocation.gpx */ = {isa = PBXFileReference; fileEncoding = 4; lastKnownFileType = text.xml; name = SeoulLocation.gpx; path = ../AccountBook/SeoulLocation.gpx; sourceTree = "<group>"; };
		726BF7DA27895EE90015983F /* LoginView.swift */ = {isa = PBXFileReference; lastKnownFileType = sourcecode.swift; path = LoginView.swift; sourceTree = "<group>"; };
		726BF7DC278963330015983F /* LoginViewController.swift */ = {isa = PBXFileReference; lastKnownFileType = sourcecode.swift; path = LoginViewController.swift; sourceTree = "<group>"; };
		726BF7DE278965130015983F /* LoginViewModel.swift */ = {isa = PBXFileReference; lastKnownFileType = sourcecode.swift; path = LoginViewModel.swift; sourceTree = "<group>"; };
		726BF7E127899AAA0015983F /* OilSliderView.swift */ = {isa = PBXFileReference; lastKnownFileType = sourcecode.swift; path = OilSliderView.swift; sourceTree = "<group>"; };
		728C6347277998E6003DDC4C /*  GasStationInfo.swift */ = {isa = PBXFileReference; lastKnownFileType = sourcecode.swift; path = " GasStationInfo.swift"; sourceTree = "<group>"; };
		728C634A27799F0D003DDC4C /* ReadGasStation.swift */ = {isa = PBXFileReference; lastKnownFileType = sourcecode.swift; path = ReadGasStation.swift; sourceTree = "<group>"; };
		72A74E9A2784808300E388BD /* InfoCollectionDelegate.swift */ = {isa = PBXFileReference; lastKnownFileType = sourcecode.swift; path = InfoCollectionDelegate.swift; sourceTree = "<group>"; };
		72A74E9C2784814800E388BD /* InfoViewCell.swift */ = {isa = PBXFileReference; lastKnownFileType = sourcecode.swift; path = InfoViewCell.swift; sourceTree = "<group>"; };
		72AB0AC127784A36004F1EB1 /* OliNeedJun.app */ = {isa = PBXFileReference; explicitFileType = wrapper.application; includeInIndex = 0; path = OliNeedJun.app; sourceTree = BUILT_PRODUCTS_DIR; };
		72AB0AC427784A36004F1EB1 /* AppDelegate.swift */ = {isa = PBXFileReference; lastKnownFileType = sourcecode.swift; path = AppDelegate.swift; sourceTree = "<group>"; };
		72AB0AC827784A36004F1EB1 /* SplashViewController.swift */ = {isa = PBXFileReference; lastKnownFileType = sourcecode.swift; path = SplashViewController.swift; sourceTree = "<group>"; };
		72AB0ACD27784A37004F1EB1 /* Assets.xcassets */ = {isa = PBXFileReference; lastKnownFileType = folder.assetcatalog; path = Assets.xcassets; sourceTree = "<group>"; };
		72AB0AD027784A37004F1EB1 /* Base */ = {isa = PBXFileReference; lastKnownFileType = file.storyboard; name = Base; path = Base.lproj/LaunchScreen.storyboard; sourceTree = "<group>"; };
		72AB0AD227784A37004F1EB1 /* Info.plist */ = {isa = PBXFileReference; lastKnownFileType = text.plist.xml; path = Info.plist; sourceTree = "<group>"; };
		72AB0ADB27784DE5004F1EB1 /* BaseClasses.swift */ = {isa = PBXFileReference; lastKnownFileType = sourcecode.swift; path = BaseClasses.swift; sourceTree = "<group>"; };
		72E6F0EE2780568500C71B41 /* GasStationMarker.swift */ = {isa = PBXFileReference; lastKnownFileType = sourcecode.swift; path = GasStationMarker.swift; sourceTree = "<group>"; };
		72ED3773277B26650021B68B /* NaverMapDelegate.swift */ = {isa = PBXFileReference; lastKnownFileType = sourcecode.swift; path = NaverMapDelegate.swift; sourceTree = "<group>"; };
		8A510CCCBA727E21714A7BB4 /* Pods-OliNeedJun.release.xcconfig */ = {isa = PBXFileReference; includeInIndex = 1; lastKnownFileType = text.xcconfig; name = "Pods-OliNeedJun.release.xcconfig"; path = "Target Support Files/Pods-OliNeedJun/Pods-OliNeedJun.release.xcconfig"; sourceTree = "<group>"; };
		C22FF0B81B860AB1C762C525 /* Pods_OliNeedJun.framework */ = {isa = PBXFileReference; explicitFileType = wrapper.framework; includeInIndex = 0; path = Pods_OliNeedJun.framework; sourceTree = BUILT_PRODUCTS_DIR; };
/* End PBXFileReference section */

/* Begin PBXFrameworksBuildPhase section */
		72AB0ABE27784A36004F1EB1 /* Frameworks */ = {
			isa = PBXFrameworksBuildPhase;
			buildActionMask = 2147483647;
			files = (
				1C02486EAC3922D87029E519 /* Pods_OliNeedJun.framework in Frameworks */,
			);
			runOnlyForDeploymentPostprocessing = 0;
		};
/* End PBXFrameworksBuildPhase section */

/* Begin PBXGroup section */
		18C56DDD9FB4BFED4D26ECAA /* Frameworks */ = {
			isa = PBXGroup;
			children = (
				C22FF0B81B860AB1C762C525 /* Pods_OliNeedJun.framework */,
			);
			name = Frameworks;
			sourceTree = "<group>";
		};
		720064232778599200F27698 /* protocols */ = {
			isa = PBXGroup;
			children = (
				72006424277859A900F27698 /* ViewModelProtocol.swift */,
			);
			path = protocols;
			sourceTree = "<group>";
		};
		72361B372778976E002A0D5E /* map_delegate */ = {
			isa = PBXGroup;
			children = (
				72361B382778977F002A0D5E /* CustomOverlayDataSource.swift */,
				72ED3773277B26650021B68B /* NaverMapDelegate.swift */,
				72E6F0EE2780568500C71B41 /* GasStationMarker.swift */,
			);
			path = map_delegate;
			sourceTree = "<group>";
		};
		7239E0532778784600D463C1 /* permission */ = {
			isa = PBXGroup;
			children = (
				7239E0542778785700D463C1 /* PermisisionCheck.swift */,
			);
			path = permission;
			sourceTree = "<group>";
		};
		726BF7D927895ECD0015983F /* login */ = {
			isa = PBXGroup;
			children = (
				726BF7E027899A9B0015983F /* custom_view */,
				726BF7DA27895EE90015983F /* LoginView.swift */,
				726BF7DC278963330015983F /* LoginViewController.swift */,
				726BF7DE278965130015983F /* LoginViewModel.swift */,
			);
			path = login;
			sourceTree = "<group>";
		};
		726BF7E027899A9B0015983F /* custom_view */ = {
			isa = PBXGroup;
			children = (
				726BF7E127899AAA0015983F /* OilSliderView.swift */,
			);
			path = custom_view;
			sourceTree = "<group>";
		};
		728C6346277998C2003DDC4C /* entity */ = {
			isa = PBXGroup;
			children = (
				728C6347277998E6003DDC4C /*  GasStationInfo.swift */,
			);
			path = entity;
			sourceTree = "<group>";
		};
		728C634927799E00003DDC4C /* data */ = {
			isa = PBXGroup;
			children = (
				728C634A27799F0D003DDC4C /* ReadGasStation.swift */,
			);
			path = data;
			sourceTree = "<group>";
		};
		72A74E992784806800E388BD /* infocollection_delegate */ = {
			isa = PBXGroup;
			children = (
				72A74E9A2784808300E388BD /* InfoCollectionDelegate.swift */,
				72A74E9C2784814800E388BD /* InfoViewCell.swift */,
			);
			path = infocollection_delegate;
			sourceTree = "<group>";
		};
		72AB0AB827784A36004F1EB1 = {
			isa = PBXGroup;
			children = (
				7239E05627787DE300D463C1 /* SeoulLocation.gpx */,
				72AB0AC327784A36004F1EB1 /* OliNeedJun */,
				72AB0AC227784A36004F1EB1 /* Products */,
				965B6F7BD7B3D1A3D260D2B3 /* Pods */,
				18C56DDD9FB4BFED4D26ECAA /* Frameworks */,
			);
			sourceTree = "<group>";
		};
		72AB0AC227784A36004F1EB1 /* Products */ = {
			isa = PBXGroup;
			children = (
				72AB0AC127784A36004F1EB1 /* OliNeedJun.app */,
			);
			name = Products;
			sourceTree = "<group>";
		};
		72AB0AC327784A36004F1EB1 /* OliNeedJun */ = {
			isa = PBXGroup;
			children = (
				726BF7D927895ECD0015983F /* login */,
				728C634927799E00003DDC4C /* data */,
				728C6346277998C2003DDC4C /* entity */,
				720064232778599200F27698 /* protocols */,
				7239E0532778784600D463C1 /* permission */,
				72AB0ADA27784B51004F1EB1 /* bases */,
				72AB0AD927784B45004F1EB1 /* oil_map */,
				72AB0AD827784B39004F1EB1 /* splash */,
				72AB0AC427784A36004F1EB1 /* AppDelegate.swift */,
				72AB0ACD27784A37004F1EB1 /* Assets.xcassets */,
				72AB0ACF27784A37004F1EB1 /* LaunchScreen.storyboard */,
				72AB0AD227784A37004F1EB1 /* Info.plist */,
			);
			path = OliNeedJun;
			sourceTree = "<group>";
		};
		72AB0AD827784B39004F1EB1 /* splash */ = {
			isa = PBXGroup;
			children = (
				72AB0AC827784A36004F1EB1 /* SplashViewController.swift */,
				720247E327784F8400AA1B61 /* SplashView.swift */,
				720064212778593300F27698 /* SplashViewModel.swift */,
			);
			path = splash;
			sourceTree = "<group>";
		};
		72AB0AD927784B45004F1EB1 /* oil_map */ = {
			isa = PBXGroup;
			children = (
				72A74E992784806800E388BD /* infocollection_delegate */,
				72361B372778976E002A0D5E /* map_delegate */,
				7200642827785A7700F27698 /* OilMapViewController.swift */,
				7200642A27785E2B00F27698 /* OilMapView.swift */,
				7200642C27785E4C00F27698 /* OilMapViewModel.swift */,
			);
			path = oil_map;
			sourceTree = "<group>";
		};
		72AB0ADA27784B51004F1EB1 /* bases */ = {
			isa = PBXGroup;
			children = (
				72AB0ADB27784DE5004F1EB1 /* BaseClasses.swift */,
				72006426277859F000F27698 /* CommonEnum.swift */,
			);
			path = bases;
			sourceTree = "<group>";
		};
		965B6F7BD7B3D1A3D260D2B3 /* Pods */ = {
			isa = PBXGroup;
			children = (
				1145543EEECACF4FCF8F80C8 /* Pods-OliNeedJun.debug.xcconfig */,
				8A510CCCBA727E21714A7BB4 /* Pods-OliNeedJun.release.xcconfig */,
			);
			path = Pods;
			sourceTree = "<group>";
		};
/* End PBXGroup section */

/* Begin PBXNativeTarget section */
		72AB0AC027784A36004F1EB1 /* OliNeedJun */ = {
			isa = PBXNativeTarget;
			buildConfigurationList = 72AB0AD527784A37004F1EB1 /* Build configuration list for PBXNativeTarget "OliNeedJun" */;
			buildPhases = (
				CF480BF9004C4010857CB062 /* [CP] Check Pods Manifest.lock */,
				72AB0ABD27784A36004F1EB1 /* Sources */,
				72AB0ABE27784A36004F1EB1 /* Frameworks */,
				72AB0ABF27784A36004F1EB1 /* Resources */,
				6D241D0B3CA803DCFD6B4412 /* [CP] Embed Pods Frameworks */,
			);
			buildRules = (
			);
			dependencies = (
			);
			name = OliNeedJun;
			productName = OliNeedJun;
			productReference = 72AB0AC127784A36004F1EB1 /* OliNeedJun.app */;
			productType = "com.apple.product-type.application";
		};
/* End PBXNativeTarget section */

/* Begin PBXProject section */
		72AB0AB927784A36004F1EB1 /* Project object */ = {
			isa = PBXProject;
			attributes = {
				BuildIndependentTargetsInParallel = 1;
				LastSwiftUpdateCheck = 1310;
				LastUpgradeCheck = 1310;
				TargetAttributes = {
					72AB0AC027784A36004F1EB1 = {
						CreatedOnToolsVersion = 13.1;
					};
				};
			};
			buildConfigurationList = 72AB0ABC27784A36004F1EB1 /* Build configuration list for PBXProject "OliNeedJun" */;
			compatibilityVersion = "Xcode 13.0";
			developmentRegion = en;
			hasScannedForEncodings = 0;
			knownRegions = (
				en,
				Base,
			);
			mainGroup = 72AB0AB827784A36004F1EB1;
			productRefGroup = 72AB0AC227784A36004F1EB1 /* Products */;
			projectDirPath = "";
			projectRoot = "";
			targets = (
				72AB0AC027784A36004F1EB1 /* OliNeedJun */,
			);
		};
/* End PBXProject section */

/* Begin PBXResourcesBuildPhase section */
		72AB0ABF27784A36004F1EB1 /* Resources */ = {
			isa = PBXResourcesBuildPhase;
			buildActionMask = 2147483647;
			files = (
				72AB0AD127784A37004F1EB1 /* LaunchScreen.storyboard in Resources */,
				72AB0ACE27784A37004F1EB1 /* Assets.xcassets in Resources */,
				7239E05727787DE300D463C1 /* SeoulLocation.gpx in Resources */,
			);
			runOnlyForDeploymentPostprocessing = 0;
		};
/* End PBXResourcesBuildPhase section */

/* Begin PBXShellScriptBuildPhase section */
		6D241D0B3CA803DCFD6B4412 /* [CP] Embed Pods Frameworks */ = {
			isa = PBXShellScriptBuildPhase;
			buildActionMask = 2147483647;
			files = (
			);
			inputFileListPaths = (
				"${PODS_ROOT}/Target Support Files/Pods-OliNeedJun/Pods-OliNeedJun-frameworks-${CONFIGURATION}-input-files.xcfilelist",
			);
			name = "[CP] Embed Pods Frameworks";
			outputFileListPaths = (
				"${PODS_ROOT}/Target Support Files/Pods-OliNeedJun/Pods-OliNeedJun-frameworks-${CONFIGURATION}-output-files.xcfilelist",
			);
			runOnlyForDeploymentPostprocessing = 0;
			shellPath = /bin/sh;
			shellScript = "\"${PODS_ROOT}/Target Support Files/Pods-OliNeedJun/Pods-OliNeedJun-frameworks.sh\"\n";
			showEnvVarsInLog = 0;
		};
		CF480BF9004C4010857CB062 /* [CP] Check Pods Manifest.lock */ = {
			isa = PBXShellScriptBuildPhase;
			buildActionMask = 2147483647;
			files = (
			);
			inputFileListPaths = (
			);
			inputPaths = (
				"${PODS_PODFILE_DIR_PATH}/Podfile.lock",
				"${PODS_ROOT}/Manifest.lock",
			);
			name = "[CP] Check Pods Manifest.lock";
			outputFileListPaths = (
			);
			outputPaths = (
				"$(DERIVED_FILE_DIR)/Pods-OliNeedJun-checkManifestLockResult.txt",
			);
			runOnlyForDeploymentPostprocessing = 0;
			shellPath = /bin/sh;
			shellScript = "diff \"${PODS_PODFILE_DIR_PATH}/Podfile.lock\" \"${PODS_ROOT}/Manifest.lock\" > /dev/null\nif [ $? != 0 ] ; then\n    # print error to STDERR\n    echo \"error: The sandbox is not in sync with the Podfile.lock. Run 'pod install' or update your CocoaPods installation.\" >&2\n    exit 1\nfi\n# This output is used by Xcode 'outputs' to avoid re-running this script phase.\necho \"SUCCESS\" > \"${SCRIPT_OUTPUT_FILE_0}\"\n";
			showEnvVarsInLog = 0;
		};
/* End PBXShellScriptBuildPhase section */

/* Begin PBXSourcesBuildPhase section */
		72AB0ABD27784A36004F1EB1 /* Sources */ = {
			isa = PBXSourcesBuildPhase;
			buildActionMask = 2147483647;
			files = (
				72E6F0EF2780568500C71B41 /* GasStationMarker.swift in Sources */,
				72A74E9B2784808300E388BD /* InfoCollectionDelegate.swift in Sources */,
				7200642B27785E2B00F27698 /* OilMapView.swift in Sources */,
				720064222778593300F27698 /* SplashViewModel.swift in Sources */,
				7200642D27785E4C00F27698 /* OilMapViewModel.swift in Sources */,
				72ED3774277B26650021B68B /* NaverMapDelegate.swift in Sources */,
				72A74E9D2784814800E388BD /* InfoViewCell.swift in Sources */,
				72AB0AC927784A36004F1EB1 /* SplashViewController.swift in Sources */,
				726BF7DD278963330015983F /* LoginViewController.swift in Sources */,
				72361B392778977F002A0D5E /* CustomOverlayDataSource.swift in Sources */,
				726BF7E227899AAA0015983F /* OilSliderView.swift in Sources */,
				7239E0552778785700D463C1 /* PermisisionCheck.swift in Sources */,
				728C634B27799F0D003DDC4C /* ReadGasStation.swift in Sources */,
				72006425277859A900F27698 /* ViewModelProtocol.swift in Sources */,
				720247E427784F8400AA1B61 /* SplashView.swift in Sources */,
				72AB0ADC27784DE5004F1EB1 /* BaseClasses.swift in Sources */,
				72006427277859F000F27698 /* CommonEnum.swift in Sources */,
				7200642927785A7700F27698 /* OilMapViewController.swift in Sources */,
				726BF7DB27895EE90015983F /* LoginView.swift in Sources */,
				72AB0AC527784A36004F1EB1 /* AppDelegate.swift in Sources */,
				728C6348277998E6003DDC4C /*  GasStationInfo.swift in Sources */,
				726BF7DF278965130015983F /* LoginViewModel.swift in Sources */,
			);
			runOnlyForDeploymentPostprocessing = 0;
		};
/* End PBXSourcesBuildPhase section */

/* Begin PBXVariantGroup section */
		72AB0ACF27784A37004F1EB1 /* LaunchScreen.storyboard */ = {
			isa = PBXVariantGroup;
			children = (
				72AB0AD027784A37004F1EB1 /* Base */,
			);
			name = LaunchScreen.storyboard;
			sourceTree = "<group>";
		};
/* End PBXVariantGroup section */

/* Begin XCBuildConfiguration section */
		72AB0AD327784A37004F1EB1 /* Debug */ = {
			isa = XCBuildConfiguration;
			buildSettings = {
				ALWAYS_SEARCH_USER_PATHS = NO;
				CLANG_ANALYZER_NONNULL = YES;
				CLANG_ANALYZER_NUMBER_OBJECT_CONVERSION = YES_AGGRESSIVE;
				CLANG_CXX_LANGUAGE_STANDARD = "gnu++17";
				CLANG_CXX_LIBRARY = "libc++";
				CLANG_ENABLE_MODULES = YES;
				CLANG_ENABLE_OBJC_ARC = YES;
				CLANG_ENABLE_OBJC_WEAK = YES;
				CLANG_WARN_BLOCK_CAPTURE_AUTORELEASING = YES;
				CLANG_WARN_BOOL_CONVERSION = YES;
				CLANG_WARN_COMMA = YES;
				CLANG_WARN_CONSTANT_CONVERSION = YES;
				CLANG_WARN_DEPRECATED_OBJC_IMPLEMENTATIONS = YES;
				CLANG_WARN_DIRECT_OBJC_ISA_USAGE = YES_ERROR;
				CLANG_WARN_DOCUMENTATION_COMMENTS = YES;
				CLANG_WARN_EMPTY_BODY = YES;
				CLANG_WARN_ENUM_CONVERSION = YES;
				CLANG_WARN_INFINITE_RECURSION = YES;
				CLANG_WARN_INT_CONVERSION = YES;
				CLANG_WARN_NON_LITERAL_NULL_CONVERSION = YES;
				CLANG_WARN_OBJC_IMPLICIT_RETAIN_SELF = YES;
				CLANG_WARN_OBJC_LITERAL_CONVERSION = YES;
				CLANG_WARN_OBJC_ROOT_CLASS = YES_ERROR;
				CLANG_WARN_QUOTED_INCLUDE_IN_FRAMEWORK_HEADER = YES;
				CLANG_WARN_RANGE_LOOP_ANALYSIS = YES;
				CLANG_WARN_STRICT_PROTOTYPES = YES;
				CLANG_WARN_SUSPICIOUS_MOVE = YES;
				CLANG_WARN_UNGUARDED_AVAILABILITY = YES_AGGRESSIVE;
				CLANG_WARN_UNREACHABLE_CODE = YES;
				CLANG_WARN__DUPLICATE_METHOD_MATCH = YES;
				COPY_PHASE_STRIP = NO;
				DEBUG_INFORMATION_FORMAT = dwarf;
				ENABLE_STRICT_OBJC_MSGSEND = YES;
				ENABLE_TESTABILITY = YES;
				GCC_C_LANGUAGE_STANDARD = gnu11;
				GCC_DYNAMIC_NO_PIC = NO;
				GCC_NO_COMMON_BLOCKS = YES;
				GCC_OPTIMIZATION_LEVEL = 0;
				GCC_PREPROCESSOR_DEFINITIONS = (
					"DEBUG=1",
					"$(inherited)",
				);
				GCC_WARN_64_TO_32_BIT_CONVERSION = YES;
				GCC_WARN_ABOUT_RETURN_TYPE = YES_ERROR;
				GCC_WARN_UNDECLARED_SELECTOR = YES;
				GCC_WARN_UNINITIALIZED_AUTOS = YES_AGGRESSIVE;
				GCC_WARN_UNUSED_FUNCTION = YES;
				GCC_WARN_UNUSED_VARIABLE = YES;
				IPHONEOS_DEPLOYMENT_TARGET = 15.0;
				MTL_ENABLE_DEBUG_INFO = INCLUDE_SOURCE;
				MTL_FAST_MATH = YES;
				ONLY_ACTIVE_ARCH = YES;
				SDKROOT = iphoneos;
				SWIFT_ACTIVE_COMPILATION_CONDITIONS = DEBUG;
				SWIFT_OPTIMIZATION_LEVEL = "-Onone";
			};
			name = Debug;
		};
		72AB0AD427784A37004F1EB1 /* Release */ = {
			isa = XCBuildConfiguration;
			buildSettings = {
				ALWAYS_SEARCH_USER_PATHS = NO;
				CLANG_ANALYZER_NONNULL = YES;
				CLANG_ANALYZER_NUMBER_OBJECT_CONVERSION = YES_AGGRESSIVE;
				CLANG_CXX_LANGUAGE_STANDARD = "gnu++17";
				CLANG_CXX_LIBRARY = "libc++";
				CLANG_ENABLE_MODULES = YES;
				CLANG_ENABLE_OBJC_ARC = YES;
				CLANG_ENABLE_OBJC_WEAK = YES;
				CLANG_WARN_BLOCK_CAPTURE_AUTORELEASING = YES;
				CLANG_WARN_BOOL_CONVERSION = YES;
				CLANG_WARN_COMMA = YES;
				CLANG_WARN_CONSTANT_CONVERSION = YES;
				CLANG_WARN_DEPRECATED_OBJC_IMPLEMENTATIONS = YES;
				CLANG_WARN_DIRECT_OBJC_ISA_USAGE = YES_ERROR;
				CLANG_WARN_DOCUMENTATION_COMMENTS = YES;
				CLANG_WARN_EMPTY_BODY = YES;
				CLANG_WARN_ENUM_CONVERSION = YES;
				CLANG_WARN_INFINITE_RECURSION = YES;
				CLANG_WARN_INT_CONVERSION = YES;
				CLANG_WARN_NON_LITERAL_NULL_CONVERSION = YES;
				CLANG_WARN_OBJC_IMPLICIT_RETAIN_SELF = YES;
				CLANG_WARN_OBJC_LITERAL_CONVERSION = YES;
				CLANG_WARN_OBJC_ROOT_CLASS = YES_ERROR;
				CLANG_WARN_QUOTED_INCLUDE_IN_FRAMEWORK_HEADER = YES;
				CLANG_WARN_RANGE_LOOP_ANALYSIS = YES;
				CLANG_WARN_STRICT_PROTOTYPES = YES;
				CLANG_WARN_SUSPICIOUS_MOVE = YES;
				CLANG_WARN_UNGUARDED_AVAILABILITY = YES_AGGRESSIVE;
				CLANG_WARN_UNREACHABLE_CODE = YES;
				CLANG_WARN__DUPLICATE_METHOD_MATCH = YES;
				COPY_PHASE_STRIP = NO;
				DEBUG_INFORMATION_FORMAT = "dwarf-with-dsym";
				ENABLE_NS_ASSERTIONS = NO;
				ENABLE_STRICT_OBJC_MSGSEND = YES;
				GCC_C_LANGUAGE_STANDARD = gnu11;
				GCC_NO_COMMON_BLOCKS = YES;
				GCC_WARN_64_TO_32_BIT_CONVERSION = YES;
				GCC_WARN_ABOUT_RETURN_TYPE = YES_ERROR;
				GCC_WARN_UNDECLARED_SELECTOR = YES;
				GCC_WARN_UNINITIALIZED_AUTOS = YES_AGGRESSIVE;
				GCC_WARN_UNUSED_FUNCTION = YES;
				GCC_WARN_UNUSED_VARIABLE = YES;
				IPHONEOS_DEPLOYMENT_TARGET = 15.0;
				MTL_ENABLE_DEBUG_INFO = NO;
				MTL_FAST_MATH = YES;
				SDKROOT = iphoneos;
				SWIFT_COMPILATION_MODE = wholemodule;
				SWIFT_OPTIMIZATION_LEVEL = "-O";
				VALIDATE_PRODUCT = YES;
			};
			name = Release;
		};
		72AB0AD627784A37004F1EB1 /* Debug */ = {
			isa = XCBuildConfiguration;
			baseConfigurationReference = 1145543EEECACF4FCF8F80C8 /* Pods-OliNeedJun.debug.xcconfig */;
			buildSettings = {
				ASSETCATALOG_COMPILER_APPICON_NAME = AppIcon;
				ASSETCATALOG_COMPILER_GLOBAL_ACCENT_COLOR_NAME = AccentColor;
				CODE_SIGN_STYLE = Automatic;
				CURRENT_PROJECT_VERSION = 1;
				DEVELOPMENT_TEAM = LHMNAPQ6N7;
				GENERATE_INFOPLIST_FILE = YES;
				INFOPLIST_FILE = OliNeedJun/Info.plist;
				INFOPLIST_KEY_UIApplicationSupportsIndirectInputEvents = YES;
				INFOPLIST_KEY_UILaunchStoryboardName = LaunchScreen;
				INFOPLIST_KEY_UISupportedInterfaceOrientations_iPad = "UIInterfaceOrientationPortrait UIInterfaceOrientationPortraitUpsideDown UIInterfaceOrientationLandscapeLeft UIInterfaceOrientationLandscapeRight";
				INFOPLIST_KEY_UISupportedInterfaceOrientations_iPhone = "UIInterfaceOrientationPortrait UIInterfaceOrientationLandscapeLeft UIInterfaceOrientationLandscapeRight";
				LD_RUNPATH_SEARCH_PATHS = (
					"$(inherited)",
					"@executable_path/Frameworks",
				);
				MARKETING_VERSION = 1.0;
				PRODUCT_BUNDLE_IDENTIFIER = practice.OliNeedJun;
				PRODUCT_NAME = "$(TARGET_NAME)";
				SWIFT_EMIT_LOC_STRINGS = YES;
				SWIFT_VERSION = 5.0;
				TARGETED_DEVICE_FAMILY = "1,2";
			};
			name = Debug;
		};
		72AB0AD727784A37004F1EB1 /* Release */ = {
			isa = XCBuildConfiguration;
			baseConfigurationReference = 8A510CCCBA727E21714A7BB4 /* Pods-OliNeedJun.release.xcconfig */;
			buildSettings = {
				ASSETCATALOG_COMPILER_APPICON_NAME = AppIcon;
				ASSETCATALOG_COMPILER_GLOBAL_ACCENT_COLOR_NAME = AccentColor;
				CODE_SIGN_STYLE = Automatic;
				CURRENT_PROJECT_VERSION = 1;
				DEVELOPMENT_TEAM = LHMNAPQ6N7;
				GENERATE_INFOPLIST_FILE = YES;
				INFOPLIST_FILE = OliNeedJun/Info.plist;
				INFOPLIST_KEY_UIApplicationSupportsIndirectInputEvents = YES;
				INFOPLIST_KEY_UILaunchStoryboardName = LaunchScreen;
				INFOPLIST_KEY_UISupportedInterfaceOrientations_iPad = "UIInterfaceOrientationPortrait UIInterfaceOrientationPortraitUpsideDown UIInterfaceOrientationLandscapeLeft UIInterfaceOrientationLandscapeRight";
				INFOPLIST_KEY_UISupportedInterfaceOrientations_iPhone = "UIInterfaceOrientationPortrait UIInterfaceOrientationLandscapeLeft UIInterfaceOrientationLandscapeRight";
				LD_RUNPATH_SEARCH_PATHS = (
					"$(inherited)",
					"@executable_path/Frameworks",
				);
				MARKETING_VERSION = 1.0;
				PRODUCT_BUNDLE_IDENTIFIER = practice.OliNeedJun;
				PRODUCT_NAME = "$(TARGET_NAME)";
				SWIFT_EMIT_LOC_STRINGS = YES;
				SWIFT_VERSION = 5.0;
				TARGETED_DEVICE_FAMILY = "1,2";
			};
			name = Release;
		};
/* End XCBuildConfiguration section */

/* Begin XCConfigurationList section */
		72AB0ABC27784A36004F1EB1 /* Build configuration list for PBXProject "OliNeedJun" */ = {
			isa = XCConfigurationList;
			buildConfigurations = (
				72AB0AD327784A37004F1EB1 /* Debug */,
				72AB0AD427784A37004F1EB1 /* Release */,
			);
			defaultConfigurationIsVisible = 0;
			defaultConfigurationName = Release;
		};
		72AB0AD527784A37004F1EB1 /* Build configuration list for PBXNativeTarget "OliNeedJun" */ = {
			isa = XCConfigurationList;
			buildConfigurations = (
				72AB0AD627784A37004F1EB1 /* Debug */,
				72AB0AD727784A37004F1EB1 /* Release */,
			);
			defaultConfigurationIsVisible = 0;
			defaultConfigurationName = Release;
		};
/* End XCConfigurationList section */
	};
	rootObject = 72AB0AB927784A36004F1EB1 /* Project object */;
}
